
Microsoft Visual Studio Solution File, Format Version 12.00
# Visual Studio Version 16
VisualStudioVersion = 16.0.29521.150
MinimumVisualStudioVersion = 10.0.40219.1
Project("{FAE04EC0-301F-11D3-BF4B-00C04F79EFBC}") = "Dice.Tests", "Dice.Tests\Dice.Tests.csproj", "{13A30F78-2BC9-4DAC-A4F7-C5C3D83D00A4}"
EndProject
Project("{FAE04EC0-301F-11D3-BF4B-00C04F79EFBC}") = "DiceBridge", "DiceBridge\DiceBridge.csproj", "{84B3CB98-6733-4FEF-84FE-0E5E5D943CE6}"
EndProject
Project("{FAE04EC0-301F-11D3-BF4B-00C04F79EFBC}") = "DiceCore", "DiceCore\DiceCore.csproj", "{BAA25585-317D-427E-AC0C-0E49D58B3CB0}"
EndProject
Global
	GlobalSection(SolutionConfigurationPlatforms) = preSolution
		Debug|Any CPU = Debug|Any CPU
		Release|Any CPU = Release|Any CPU
	EndGlobalSection
	GlobalSection(ProjectConfigurationPlatforms) = postSolution
		{13A30F78-2BC9-4DAC-A4F7-C5C3D83D00A4}.Debug|Any CPU.ActiveCfg = Debug|Any CPU
		{13A30F78-2BC9-4DAC-A4F7-C5C3D83D00A4}.Release|Any CPU.ActiveCfg = Release|Any CPU
		{84B3CB98-6733-4FEF-84FE-0E5E5D943CE6}.Debug|Any CPU.ActiveCfg = Debug|Any CPU
		{84B3CB98-6733-4FEF-84FE-0E5E5D943CE6}.Debug|Any CPU.Build.0 = Debug|Any CPU
		{84B3CB98-6733-4FEF-84FE-0E5E5D943CE6}.Release|Any CPU.ActiveCfg = Release|Any CPU
		{84B3CB98-6733-4FEF-84FE-0E5E5D943CE6}.Release|Any CPU.Build.0 = Release|Any CPU
		{BAA25585-317D-427E-AC0C-0E49D58B3CB0}.Debug|Any CPU.ActiveCfg = Debug|Any CPU
		{BAA25585-317D-427E-AC0C-0E49D58B3CB0}.Debug|Any CPU.Build.0 = Debug|Any CPU
		{BAA25585-317D-427E-AC0C-0E49D58B3CB0}.Release|Any CPU.ActiveCfg = Release|Any CPU
		{BAA25585-317D-427E-AC0C-0E49D58B3CB0}.Release|Any CPU.Build.0 = Release|Any CPU
	EndGlobalSection
	GlobalSection(SolutionProperties) = preSolution
		HideSolutionNode = FALSE
	EndGlobalSection
	GlobalSection(ExtensibilityGlobals) = postSolution
		SolutionGuid = {FA055508-7397-4CD2-956D-93C06D6D6972}
	EndGlobalSection
	GlobalSection(TeamFoundationVersionControl) = preSolution
		SccNumberOfProjects = 3
		SccEnterpriseProvider = {4CA58AB2-18FA-4F8D-95D4-32DDF27D184C}
		SccTeamFoundationServer = https://davignola.visualstudio.com/
		SccLocalPath0 = .
		SccProjectUniqueName1 = Dice.Tests\\Dice.Tests.csproj
		SccProjectName1 = Dice.Tests
		SccLocalPath1 = Dice.Tests
		SccProjectUniqueName2 = DiceBridge\\DiceBridge.csproj
		SccProjectName2 = DiceBridge
		SccLocalPath2 = DiceBridge
	EndGlobalSection
EndGlobal
